// !$*UTF8*$!
{
	archiveVersion = 1;
	classes = {
	};
	objectVersion = 46;
	objects = {

/* Begin PBXBuildFile section */
		9B523D91A5BE404BB6A557FE /* libPods.a in Frameworks */ = {isa = PBXBuildFile; fileRef = 1CEEECE606B3496B88D9C399 /* libPods.a */; };
		AD2BD54719B725B6006E8823 /* LGLoginViewController.m in Sources */ = {isa = PBXBuildFile; fileRef = AD2BD54519B725B6006E8823 /* LGLoginViewController.m */; };
		AD2BD54819B725B6006E8823 /* Login.xib in Resources */ = {isa = PBXBuildFile; fileRef = AD2BD54619B725B6006E8823 /* Login.xib */; };
		CECE64C519B6047F00F7F22A /* Foundation.framework in Frameworks */ = {isa = PBXBuildFile; fileRef = CECE64C419B6047F00F7F22A /* Foundation.framework */; };
		CECE64C719B6047F00F7F22A /* CoreGraphics.framework in Frameworks */ = {isa = PBXBuildFile; fileRef = CECE64C619B6047F00F7F22A /* CoreGraphics.framework */; };
		CECE64C919B6047F00F7F22A /* UIKit.framework in Frameworks */ = {isa = PBXBuildFile; fileRef = CECE64C819B6047F00F7F22A /* UIKit.framework */; };
		CECE64CF19B6047F00F7F22A /* InfoPlist.strings in Resources */ = {isa = PBXBuildFile; fileRef = CECE64CD19B6047F00F7F22A /* InfoPlist.strings */; };
		CECE64D119B6047F00F7F22A /* main.m in Sources */ = {isa = PBXBuildFile; fileRef = CECE64D019B6047F00F7F22A /* main.m */; };
		CECE64D519B6047F00F7F22A /* LGAppDelegate.m in Sources */ = {isa = PBXBuildFile; fileRef = CECE64D419B6047F00F7F22A /* LGAppDelegate.m */; };
		CECE64D719B6047F00F7F22A /* Images.xcassets in Resources */ = {isa = PBXBuildFile; fileRef = CECE64D619B6047F00F7F22A /* Images.xcassets */; };
		CECE64DE19B6047F00F7F22A /* XCTest.framework in Frameworks */ = {isa = PBXBuildFile; fileRef = CECE64DD19B6047F00F7F22A /* XCTest.framework */; };
		CECE64DF19B6047F00F7F22A /* Foundation.framework in Frameworks */ = {isa = PBXBuildFile; fileRef = CECE64C419B6047F00F7F22A /* Foundation.framework */; };
		CECE64E019B6047F00F7F22A /* UIKit.framework in Frameworks */ = {isa = PBXBuildFile; fileRef = CECE64C819B6047F00F7F22A /* UIKit.framework */; };
		CECE64E819B6047F00F7F22A /* InfoPlist.strings in Resources */ = {isa = PBXBuildFile; fileRef = CECE64E619B6047F00F7F22A /* InfoPlist.strings */; };
		CECE64EA19B6047F00F7F22A /* ConsumerBeaconsTests.m in Sources */ = {isa = PBXBuildFile; fileRef = CECE64E919B6047F00F7F22A /* ConsumerBeaconsTests.m */; };
		CECE64FE19B61CDD00F7F22A /* LGBeaconFinderViewController.m in Sources */ = {isa = PBXBuildFile; fileRef = CECE64FC19B61CDD00F7F22A /* LGBeaconFinderViewController.m */; };
		CECE64FF19B61CDD00F7F22A /* BeaconFinder.xib in Resources */ = {isa = PBXBuildFile; fileRef = CECE64FD19B61CDD00F7F22A /* BeaconFinder.xib */; };
		CECE650419B6228F00F7F22A /* LGOfferViewController.m in Sources */ = {isa = PBXBuildFile; fileRef = CECE650219B6228F00F7F22A /* LGOfferViewController.m */; };
		CECE650A19BDD92E00F7F22A /* UIColor+UIColorCategory.m in Sources */ = {isa = PBXBuildFile; fileRef = CECE650919BDD92E00F7F22A /* UIColor+UIColorCategory.m */; };
		CECE650E19C84C6700F7F22A /* LGBeaconTableViewCell.m in Sources */ = {isa = PBXBuildFile; fileRef = CECE650D19C84C6700F7F22A /* LGBeaconTableViewCell.m */; };
		CECE651019C8663C00F7F22A /* QuartzCore.framework in Frameworks */ = {isa = PBXBuildFile; fileRef = CECE650F19C8663C00F7F22A /* QuartzCore.framework */; };
		CECE651419C8989100F7F22A /* samsung@2x.jpg in Resources */ = {isa = PBXBuildFile; fileRef = CECE651319C8989100F7F22A /* samsung@2x.jpg */; };
/* End PBXBuildFile section */

/* Begin PBXContainerItemProxy section */
		CECE64E119B6047F00F7F22A /* PBXContainerItemProxy */ = {
			isa = PBXContainerItemProxy;
			containerPortal = CECE64B919B6047F00F7F22A /* Project object */;
			proxyType = 1;
			remoteGlobalIDString = CECE64C019B6047F00F7F22A;
			remoteInfo = ConsumerBeacons;
		};
/* End PBXContainerItemProxy section */

/* Begin PBXFileReference section */
		1CEEECE606B3496B88D9C399 /* libPods.a */ = {isa = PBXFileReference; explicitFileType = archive.ar; includeInIndex = 0; path = libPods.a; sourceTree = BUILT_PRODUCTS_DIR; };
		AD2BD54419B725B6006E8823 /* LGLoginViewController.h */ = {isa = PBXFileReference; fileEncoding = 4; lastKnownFileType = sourcecode.c.h; path = LGLoginViewController.h; sourceTree = "<group>"; };
		AD2BD54519B725B6006E8823 /* LGLoginViewController.m */ = {isa = PBXFileReference; fileEncoding = 4; lastKnownFileType = sourcecode.c.objc; path = LGLoginViewController.m; sourceTree = "<group>"; };
		AD2BD54619B725B6006E8823 /* Login.xib */ = {isa = PBXFileReference; fileEncoding = 4; lastKnownFileType = file.xib; path = Login.xib; sourceTree = "<group>"; };
		ADD749967529402E88AD0606 /* Pods.xcconfig */ = {isa = PBXFileReference; includeInIndex = 1; lastKnownFileType = text.xcconfig; name = Pods.xcconfig; path = Pods/Pods.xcconfig; sourceTree = "<group>"; };
		CECE64C119B6047F00F7F22A /* ConsumerBeacons.app */ = {isa = PBXFileReference; explicitFileType = wrapper.application; includeInIndex = 0; path = ConsumerBeacons.app; sourceTree = BUILT_PRODUCTS_DIR; };
		CECE64C419B6047F00F7F22A /* Foundation.framework */ = {isa = PBXFileReference; lastKnownFileType = wrapper.framework; name = Foundation.framework; path = System/Library/Frameworks/Foundation.framework; sourceTree = SDKROOT; };
		CECE64C619B6047F00F7F22A /* CoreGraphics.framework */ = {isa = PBXFileReference; lastKnownFileType = wrapper.framework; name = CoreGraphics.framework; path = System/Library/Frameworks/CoreGraphics.framework; sourceTree = SDKROOT; };
		CECE64C819B6047F00F7F22A /* UIKit.framework */ = {isa = PBXFileReference; lastKnownFileType = wrapper.framework; name = UIKit.framework; path = System/Library/Frameworks/UIKit.framework; sourceTree = SDKROOT; };
		CECE64CC19B6047F00F7F22A /* ConsumerBeacons-Info.plist */ = {isa = PBXFileReference; lastKnownFileType = text.plist.xml; name = "ConsumerBeacons-Info.plist"; path = "Application/ConsumerBeacons-Info.plist"; sourceTree = "<group>"; };
		CECE64CE19B6047F00F7F22A /* en */ = {isa = PBXFileReference; lastKnownFileType = text.plist.strings; name = en; path = en.lproj/InfoPlist.strings; sourceTree = "<group>"; };
		CECE64D019B6047F00F7F22A /* main.m */ = {isa = PBXFileReference; lastKnownFileType = sourcecode.c.objc; name = main.m; path = Application/main.m; sourceTree = "<group>"; };
		CECE64D219B6047F00F7F22A /* ConsumerBeacons-Prefix.pch */ = {isa = PBXFileReference; lastKnownFileType = sourcecode.c.h; name = "ConsumerBeacons-Prefix.pch"; path = "Application/ConsumerBeacons-Prefix.pch"; sourceTree = "<group>"; };
		CECE64D319B6047F00F7F22A /* LGAppDelegate.h */ = {isa = PBXFileReference; lastKnownFileType = sourcecode.c.h; name = LGAppDelegate.h; path = Application/LGAppDelegate.h; sourceTree = "<group>"; };
		CECE64D419B6047F00F7F22A /* LGAppDelegate.m */ = {isa = PBXFileReference; lastKnownFileType = sourcecode.c.objc; name = LGAppDelegate.m; path = Application/LGAppDelegate.m; sourceTree = "<group>"; };
		CECE64D619B6047F00F7F22A /* Images.xcassets */ = {isa = PBXFileReference; lastKnownFileType = folder.assetcatalog; name = Images.xcassets; path = Application/Images.xcassets; sourceTree = "<group>"; };
		CECE64DC19B6047F00F7F22A /* ConsumerBeaconsTests.xctest */ = {isa = PBXFileReference; explicitFileType = wrapper.cfbundle; includeInIndex = 0; path = ConsumerBeaconsTests.xctest; sourceTree = BUILT_PRODUCTS_DIR; };
		CECE64DD19B6047F00F7F22A /* XCTest.framework */ = {isa = PBXFileReference; lastKnownFileType = wrapper.framework; name = XCTest.framework; path = Library/Frameworks/XCTest.framework; sourceTree = DEVELOPER_DIR; };
		CECE64E519B6047F00F7F22A /* ConsumerBeaconsTests-Info.plist */ = {isa = PBXFileReference; lastKnownFileType = text.plist.xml; path = "ConsumerBeaconsTests-Info.plist"; sourceTree = "<group>"; };
		CECE64E719B6047F00F7F22A /* en */ = {isa = PBXFileReference; lastKnownFileType = text.plist.strings; name = en; path = en.lproj/InfoPlist.strings; sourceTree = "<group>"; };
		CECE64E919B6047F00F7F22A /* ConsumerBeaconsTests.m */ = {isa = PBXFileReference; lastKnownFileType = sourcecode.c.objc; path = ConsumerBeaconsTests.m; sourceTree = "<group>"; };
		CECE64FB19B61CDD00F7F22A /* LGBeaconFinderViewController.h */ = {isa = PBXFileReference; fileEncoding = 4; lastKnownFileType = sourcecode.c.h; name = LGBeaconFinderViewController.h; path = iPhone/BeaconFinder/LGBeaconFinderViewController.h; sourceTree = "<group>"; };
		CECE64FC19B61CDD00F7F22A /* LGBeaconFinderViewController.m */ = {isa = PBXFileReference; fileEncoding = 4; lastKnownFileType = sourcecode.c.objc; name = LGBeaconFinderViewController.m; path = iPhone/BeaconFinder/LGBeaconFinderViewController.m; sourceTree = "<group>"; };
		CECE64FD19B61CDD00F7F22A /* BeaconFinder.xib */ = {isa = PBXFileReference; fileEncoding = 4; lastKnownFileType = file.xib; name = BeaconFinder.xib; path = iPhone/BeaconFinder/BeaconFinder.xib; sourceTree = "<group>"; };
		CECE650119B6228F00F7F22A /* LGOfferViewController.h */ = {isa = PBXFileReference; fileEncoding = 4; lastKnownFileType = sourcecode.c.h; name = LGOfferViewController.h; path = iPhone/Offer/LGOfferViewController.h; sourceTree = "<group>"; };
		CECE650219B6228F00F7F22A /* LGOfferViewController.m */ = {isa = PBXFileReference; fileEncoding = 4; lastKnownFileType = sourcecode.c.objc; name = LGOfferViewController.m; path = iPhone/Offer/LGOfferViewController.m; sourceTree = "<group>"; };
		CECE650819BDD92E00F7F22A /* UIColor+UIColorCategory.h */ = {isa = PBXFileReference; fileEncoding = 4; lastKnownFileType = sourcecode.c.h; name = "UIColor+UIColorCategory.h"; path = "Library/Categories/UIColor+UIColorCategory.h"; sourceTree = "<group>"; };
		CECE650919BDD92E00F7F22A /* UIColor+UIColorCategory.m */ = {isa = PBXFileReference; fileEncoding = 4; lastKnownFileType = sourcecode.c.objc; name = "UIColor+UIColorCategory.m"; path = "Library/Categories/UIColor+UIColorCategory.m"; sourceTree = "<group>"; };
		CECE650C19C84C6700F7F22A /* LGBeaconTableViewCell.h */ = {isa = PBXFileReference; fileEncoding = 4; lastKnownFileType = sourcecode.c.h; name = LGBeaconTableViewCell.h; path = iPhone/BeaconCell/LGBeaconTableViewCell.h; sourceTree = "<group>"; };
		CECE650D19C84C6700F7F22A /* LGBeaconTableViewCell.m */ = {isa = PBXFileReference; fileEncoding = 4; lastKnownFileType = sourcecode.c.objc; name = LGBeaconTableViewCell.m; path = iPhone/BeaconCell/LGBeaconTableViewCell.m; sourceTree = "<group>"; };
		CECE650F19C8663C00F7F22A /* QuartzCore.framework */ = {isa = PBXFileReference; lastKnownFileType = wrapper.framework; name = QuartzCore.framework; path = System/Library/Frameworks/QuartzCore.framework; sourceTree = SDKROOT; };
		CECE651319C8989100F7F22A /* samsung@2x.jpg */ = {isa = PBXFileReference; lastKnownFileType = image.jpeg; name = "samsung@2x.jpg"; path = "Resources/samsung@2x.jpg"; sourceTree = "<group>"; };
/* End PBXFileReference section */

/* Begin PBXFrameworksBuildPhase section */
		CECE64BE19B6047F00F7F22A /* Frameworks */ = {
			isa = PBXFrameworksBuildPhase;
			buildActionMask = 2147483647;
			files = (
				CECE651019C8663C00F7F22A /* QuartzCore.framework in Frameworks */,
				CECE64C719B6047F00F7F22A /* CoreGraphics.framework in Frameworks */,
				CECE64C919B6047F00F7F22A /* UIKit.framework in Frameworks */,
				CECE64C519B6047F00F7F22A /* Foundation.framework in Frameworks */,
				9B523D91A5BE404BB6A557FE /* libPods.a in Frameworks */,
			);
			runOnlyForDeploymentPostprocessing = 0;
		};
		CECE64D919B6047F00F7F22A /* Frameworks */ = {
			isa = PBXFrameworksBuildPhase;
			buildActionMask = 2147483647;
			files = (
				CECE64DE19B6047F00F7F22A /* XCTest.framework in Frameworks */,
				CECE64E019B6047F00F7F22A /* UIKit.framework in Frameworks */,
				CECE64DF19B6047F00F7F22A /* Foundation.framework in Frameworks */,
			);
			runOnlyForDeploymentPostprocessing = 0;
		};
/* End PBXFrameworksBuildPhase section */

/* Begin PBXGroup section */
		AD2BD54319B725B6006E8823 /* Login */ = {
			isa = PBXGroup;
			children = (
				AD2BD54419B725B6006E8823 /* LGLoginViewController.h */,
				AD2BD54519B725B6006E8823 /* LGLoginViewController.m */,
				AD2BD54619B725B6006E8823 /* Login.xib */,
			);
			name = Login;
			path = iPhone/Login;
			sourceTree = "<group>";
		};
		CECE64B819B6047F00F7F22A = {
			isa = PBXGroup;
			children = (
				CECE64CA19B6047F00F7F22A /* ConsumerBeacons */,
				CECE64E319B6047F00F7F22A /* ConsumerBeaconsTests */,
				CECE64C319B6047F00F7F22A /* Frameworks */,
				CECE64C219B6047F00F7F22A /* Products */,
				CECE64F319B6053E00F7F22A /* Resources */,
				ADD749967529402E88AD0606 /* Pods.xcconfig */,
			);
			sourceTree = "<group>";
		};
		CECE64C219B6047F00F7F22A /* Products */ = {
			isa = PBXGroup;
			children = (
				CECE64C119B6047F00F7F22A /* ConsumerBeacons.app */,
				CECE64DC19B6047F00F7F22A /* ConsumerBeaconsTests.xctest */,
			);
			name = Products;
			sourceTree = "<group>";
		};
		CECE64C319B6047F00F7F22A /* Frameworks */ = {
			isa = PBXGroup;
			children = (
				CECE650F19C8663C00F7F22A /* QuartzCore.framework */,
				CECE64C419B6047F00F7F22A /* Foundation.framework */,
				CECE64C619B6047F00F7F22A /* CoreGraphics.framework */,
				CECE64C819B6047F00F7F22A /* UIKit.framework */,
				CECE64DD19B6047F00F7F22A /* XCTest.framework */,
				1CEEECE606B3496B88D9C399 /* libPods.a */,
			);
			name = Frameworks;
			sourceTree = "<group>";
		};
		CECE64CA19B6047F00F7F22A /* ConsumerBeacons */ = {
			isa = PBXGroup;
			children = (
				CECE650619BDD8FD00F7F22A /* Library */,
				CECE64F419B605BA00F7F22A /* Application */,
				CECE64F519B605BE00F7F22A /* iPhone */,
			);
			path = ConsumerBeacons;
			sourceTree = "<group>";
		};
		CECE64E319B6047F00F7F22A /* ConsumerBeaconsTests */ = {
			isa = PBXGroup;
			children = (
				CECE64E919B6047F00F7F22A /* ConsumerBeaconsTests.m */,
				CECE64E419B6047F00F7F22A /* Supporting Files */,
			);
			path = ConsumerBeaconsTests;
			sourceTree = "<group>";
		};
		CECE64E419B6047F00F7F22A /* Supporting Files */ = {
			isa = PBXGroup;
			children = (
				CECE64E519B6047F00F7F22A /* ConsumerBeaconsTests-Info.plist */,
				CECE64E619B6047F00F7F22A /* InfoPlist.strings */,
			);
			name = "Supporting Files";
			sourceTree = "<group>";
		};
		CECE64F319B6053E00F7F22A /* Resources */ = {
			isa = PBXGroup;
			children = (
				CECE651319C8989100F7F22A /* samsung@2x.jpg */,
			);
			name = Resources;
			sourceTree = "<group>";
		};
		CECE64F419B605BA00F7F22A /* Application */ = {
			isa = PBXGroup;
			children = (
				CECE64D319B6047F00F7F22A /* LGAppDelegate.h */,
				CECE64D419B6047F00F7F22A /* LGAppDelegate.m */,
				CECE64D619B6047F00F7F22A /* Images.xcassets */,
				CECE64CC19B6047F00F7F22A /* ConsumerBeacons-Info.plist */,
				CECE64CD19B6047F00F7F22A /* InfoPlist.strings */,
				CECE64D019B6047F00F7F22A /* main.m */,
				CECE64D219B6047F00F7F22A /* ConsumerBeacons-Prefix.pch */,
			);
			name = Application;
			sourceTree = "<group>";
		};
		CECE64F519B605BE00F7F22A /* iPhone */ = {
			isa = PBXGroup;
			children = (
				CECE650B19C84C2800F7F22A /* BeaconCell */,
				AD2BD54319B725B6006E8823 /* Login */,
				CECE650019B6227300F7F22A /* Offer */,
				CECE64F719B61CA500F7F22A /* BeaconFinder */,
			);
			name = iPhone;
			sourceTree = "<group>";
		};
		CECE64F719B61CA500F7F22A /* BeaconFinder */ = {
			isa = PBXGroup;
			children = (
				CECE64FB19B61CDD00F7F22A /* LGBeaconFinderViewController.h */,
				CECE64FC19B61CDD00F7F22A /* LGBeaconFinderViewController.m */,
				CECE64FD19B61CDD00F7F22A /* BeaconFinder.xib */,
			);
			name = BeaconFinder;
			sourceTree = "<group>";
		};
		CECE650019B6227300F7F22A /* Offer */ = {
			isa = PBXGroup;
			children = (
				CECE650119B6228F00F7F22A /* LGOfferViewController.h */,
				CECE650219B6228F00F7F22A /* LGOfferViewController.m */,
			);
			name = Offer;
			sourceTree = "<group>";
		};
		CECE650619BDD8FD00F7F22A /* Library */ = {
			isa = PBXGroup;
			children = (
				CECE650719BDD90400F7F22A /* Categories */,
			);
			name = Library;
			sourceTree = "<group>";
		};
		CECE650719BDD90400F7F22A /* Categories */ = {
			isa = PBXGroup;
			children = (
				CECE650819BDD92E00F7F22A /* UIColor+UIColorCategory.h */,
				CECE650919BDD92E00F7F22A /* UIColor+UIColorCategory.m */,
			);
			name = Categories;
			sourceTree = "<group>";
		};
		CECE650B19C84C2800F7F22A /* BeaconCell */ = {
			isa = PBXGroup;
			children = (
				CECE650C19C84C6700F7F22A /* LGBeaconTableViewCell.h */,
				CECE650D19C84C6700F7F22A /* LGBeaconTableViewCell.m */,
			);
			name = BeaconCell;
			sourceTree = "<group>";
		};
/* End PBXGroup section */

/* Begin PBXNativeTarget section */
		CECE64C019B6047F00F7F22A /* ConsumerBeacons */ = {
			isa = PBXNativeTarget;
			buildConfigurationList = CECE64ED19B6047F00F7F22A /* Build configuration list for PBXNativeTarget "ConsumerBeacons" */;
			buildPhases = (
				B8B4F934F53D449CA2160B4E /* Check Pods Manifest.lock */,
				CECE64BD19B6047F00F7F22A /* Sources */,
				CECE64BE19B6047F00F7F22A /* Frameworks */,
				CECE64BF19B6047F00F7F22A /* Resources */,
				AF0670852276495883F8EDD9 /* Copy Pods Resources */,
			);
			buildRules = (
			);
			dependencies = (
			);
			name = ConsumerBeacons;
			productName = ConsumerBeacons;
			productReference = CECE64C119B6047F00F7F22A /* ConsumerBeacons.app */;
			productType = "com.apple.product-type.application";
		};
		CECE64DB19B6047F00F7F22A /* ConsumerBeaconsTests */ = {
			isa = PBXNativeTarget;
			buildConfigurationList = CECE64F019B6047F00F7F22A /* Build configuration list for PBXNativeTarget "ConsumerBeaconsTests" */;
			buildPhases = (
				CECE64D819B6047F00F7F22A /* Sources */,
				CECE64D919B6047F00F7F22A /* Frameworks */,
				CECE64DA19B6047F00F7F22A /* Resources */,
			);
			buildRules = (
			);
			dependencies = (
				CECE64E219B6047F00F7F22A /* PBXTargetDependency */,
			);
			name = ConsumerBeaconsTests;
			productName = ConsumerBeaconsTests;
			productReference = CECE64DC19B6047F00F7F22A /* ConsumerBeaconsTests.xctest */;
			productType = "com.apple.product-type.bundle.unit-test";
		};
/* End PBXNativeTarget section */

/* Begin PBXProject section */
		CECE64B919B6047F00F7F22A /* Project object */ = {
			isa = PBXProject;
			attributes = {
				CLASSPREFIX = LG;
				LastUpgradeCheck = 0510;
				ORGANIZATIONNAME = "Legendary Games";
				TargetAttributes = {
					CECE64DB19B6047F00F7F22A = {
						TestTargetID = CECE64C019B6047F00F7F22A;
					};
				};
			};
			buildConfigurationList = CECE64BC19B6047F00F7F22A /* Build configuration list for PBXProject "ConsumerBeacons" */;
			compatibilityVersion = "Xcode 3.2";
			developmentRegion = English;
			hasScannedForEncodings = 0;
			knownRegions = (
				en,
			);
			mainGroup = CECE64B819B6047F00F7F22A;
			productRefGroup = CECE64C219B6047F00F7F22A /* Products */;
			projectDirPath = "";
			projectRoot = "";
			targets = (
				CECE64C019B6047F00F7F22A /* ConsumerBeacons */,
				CECE64DB19B6047F00F7F22A /* ConsumerBeaconsTests */,
			);
		};
/* End PBXProject section */

/* Begin PBXResourcesBuildPhase section */
		CECE64BF19B6047F00F7F22A /* Resources */ = {
			isa = PBXResourcesBuildPhase;
			buildActionMask = 2147483647;
			files = (
				CECE64CF19B6047F00F7F22A /* InfoPlist.strings in Resources */,
				CECE64FF19B61CDD00F7F22A /* BeaconFinder.xib in Resources */,
				AD2BD54819B725B6006E8823 /* Login.xib in Resources */,
				CECE64D719B6047F00F7F22A /* Images.xcassets in Resources */,
				CECE651419C8989100F7F22A /* samsung@2x.jpg in Resources */,
			);
			runOnlyForDeploymentPostprocessing = 0;
		};
		CECE64DA19B6047F00F7F22A /* Resources */ = {
			isa = PBXResourcesBuildPhase;
			buildActionMask = 2147483647;
			files = (
				CECE64E819B6047F00F7F22A /* InfoPlist.strings in Resources */,
			);
			runOnlyForDeploymentPostprocessing = 0;
		};
/* End PBXResourcesBuildPhase section */

/* Begin PBXShellScriptBuildPhase section */
		AF0670852276495883F8EDD9 /* Copy Pods Resources */ = {
			isa = PBXShellScriptBuildPhase;
			buildActionMask = 2147483647;
			files = (
			);
			inputPaths = (
			);
			name = "Copy Pods Resources";
			outputPaths = (
			);
			runOnlyForDeploymentPostprocessing = 0;
			shellPath = /bin/sh;
			shellScript = "\"${SRCROOT}/Pods/Pods-resources.sh\"\n";
			showEnvVarsInLog = 0;
		};
		B8B4F934F53D449CA2160B4E /* Check Pods Manifest.lock */ = {
			isa = PBXShellScriptBuildPhase;
			buildActionMask = 2147483647;
			files = (
			);
			inputPaths = (
			);
			name = "Check Pods Manifest.lock";
			outputPaths = (
			);
			runOnlyForDeploymentPostprocessing = 0;
			shellPath = /bin/sh;
			shellScript = "diff \"${PODS_ROOT}/../Podfile.lock\" \"${PODS_ROOT}/Manifest.lock\" > /dev/null\nif [[ $? != 0 ]] ; then\n    cat << EOM\nerror: The sandbox is not in sync with the Podfile.lock. Run 'pod install' or update your CocoaPods installation.\nEOM\n    exit 1\nfi\n";
			showEnvVarsInLog = 0;
		};
/* End PBXShellScriptBuildPhase section */

/* Begin PBXSourcesBuildPhase section */
		CECE64BD19B6047F00F7F22A /* Sources */ = {
			isa = PBXSourcesBuildPhase;
			buildActionMask = 2147483647;
			files = (
				CECE64D119B6047F00F7F22A /* main.m in Sources */,
				CECE650A19BDD92E00F7F22A /* UIColor+UIColorCategory.m in Sources */,
				CECE650E19C84C6700F7F22A /* LGBeaconTableViewCell.m in Sources */,
				AD2BD54719B725B6006E8823 /* LGLoginViewController.m in Sources */,
				CECE64D519B6047F00F7F22A /* LGAppDelegate.m in Sources */,
				CECE650419B6228F00F7F22A /* LGOfferViewController.m in Sources */,
				CECE64FE19B61CDD00F7F22A /* LGBeaconFinderViewController.m in Sources */,
			);
			runOnlyForDeploymentPostprocessing = 0;
		};
		CECE64D819B6047F00F7F22A /* Sources */ = {
			isa = PBXSourcesBuildPhase;
			buildActionMask = 2147483647;
			files = (
				CECE64EA19B6047F00F7F22A /* ConsumerBeaconsTests.m in Sources */,
			);
			runOnlyForDeploymentPostprocessing = 0;
		};
/* End PBXSourcesBuildPhase section */

/* Begin PBXTargetDependency section */
		CECE64E219B6047F00F7F22A /* PBXTargetDependency */ = {
			isa = PBXTargetDependency;
			target = CECE64C019B6047F00F7F22A /* ConsumerBeacons */;
			targetProxy = CECE64E119B6047F00F7F22A /* PBXContainerItemProxy */;
		};
/* End PBXTargetDependency section */

/* Begin PBXVariantGroup section */
		CECE64CD19B6047F00F7F22A /* InfoPlist.strings */ = {
			isa = PBXVariantGroup;
			children = (
				CECE64CE19B6047F00F7F22A /* en */,
			);
			name = InfoPlist.strings;
			path = Application;
			sourceTree = "<group>";
		};
		CECE64E619B6047F00F7F22A /* InfoPlist.strings */ = {
			isa = PBXVariantGroup;
			children = (
				CECE64E719B6047F00F7F22A /* en */,
			);
			name = InfoPlist.strings;
			sourceTree = "<group>";
		};
/* End PBXVariantGroup section */

/* Begin XCBuildConfiguration section */
		CECE64EB19B6047F00F7F22A /* Debug */ = {
			isa = XCBuildConfiguration;
			buildSettings = {
				ALWAYS_SEARCH_USER_PATHS = NO;
				CLANG_CXX_LANGUAGE_STANDARD = "gnu++0x";
				CLANG_CXX_LIBRARY = "libc++";
				CLANG_ENABLE_MODULES = YES;
				CLANG_ENABLE_OBJC_ARC = YES;
				CLANG_WARN_BOOL_CONVERSION = YES;
				CLANG_WARN_CONSTANT_CONVERSION = YES;
				CLANG_WARN_DIRECT_OBJC_ISA_USAGE = YES_ERROR;
				CLANG_WARN_EMPTY_BODY = YES;
				CLANG_WARN_ENUM_CONVERSION = YES;
				CLANG_WARN_INT_CONVERSION = YES;
				CLANG_WARN_OBJC_ROOT_CLASS = YES_ERROR;
				CLANG_WARN__DUPLICATE_METHOD_MATCH = YES;
				"CODE_SIGN_IDENTITY[sdk=iphoneos*]" = "iPhone Developer";
				COPY_PHASE_STRIP = NO;
				GCC_C_LANGUAGE_STANDARD = gnu99;
				GCC_DYNAMIC_NO_PIC = NO;
				GCC_OPTIMIZATION_LEVEL = 0;
				GCC_PREPROCESSOR_DEFINITIONS = (
					"DEBUG=1",
					"$(inherited)",
				);
				GCC_SYMBOLS_PRIVATE_EXTERN = NO;
				GCC_WARN_64_TO_32_BIT_CONVERSION = YES;
				GCC_WARN_ABOUT_RETURN_TYPE = YES_ERROR;
				GCC_WARN_UNDECLARED_SELECTOR = YES;
				GCC_WARN_UNINITIALIZED_AUTOS = YES_AGGRESSIVE;
				GCC_WARN_UNUSED_FUNCTION = YES;
				GCC_WARN_UNUSED_VARIABLE = YES;
				IPHONEOS_DEPLOYMENT_TARGET = 7.1;
				ONLY_ACTIVE_ARCH = YES;
				SDKROOT = iphoneos;
			};
			name = Debug;
		};
		CECE64EC19B6047F00F7F22A /* Release */ = {
			isa = XCBuildConfiguration;
			buildSettings = {
				ALWAYS_SEARCH_USER_PATHS = NO;
				CLANG_CXX_LANGUAGE_STANDARD = "gnu++0x";
				CLANG_CXX_LIBRARY = "libc++";
				CLANG_ENABLE_MODULES = YES;
				CLANG_ENABLE_OBJC_ARC = YES;
				CLANG_WARN_BOOL_CONVERSION = YES;
				CLANG_WARN_CONSTANT_CONVERSION = YES;
				CLANG_WARN_DIRECT_OBJC_ISA_USAGE = YES_ERROR;
				CLANG_WARN_EMPTY_BODY = YES;
				CLANG_WARN_ENUM_CONVERSION = YES;
				CLANG_WARN_INT_CONVERSION = YES;
				CLANG_WARN_OBJC_ROOT_CLASS = YES_ERROR;
				CLANG_WARN__DUPLICATE_METHOD_MATCH = YES;
				"CODE_SIGN_IDENTITY[sdk=iphoneos*]" = "iPhone Developer";
				COPY_PHASE_STRIP = YES;
				ENABLE_NS_ASSERTIONS = NO;
				GCC_C_LANGUAGE_STANDARD = gnu99;
				GCC_WARN_64_TO_32_BIT_CONVERSION = YES;
				GCC_WARN_ABOUT_RETURN_TYPE = YES_ERROR;
				GCC_WARN_UNDECLARED_SELECTOR = YES;
				GCC_WARN_UNINITIALIZED_AUTOS = YES_AGGRESSIVE;
				GCC_WARN_UNUSED_FUNCTION = YES;
				GCC_WARN_UNUSED_VARIABLE = YES;
				IPHONEOS_DEPLOYMENT_TARGET = 7.1;
				SDKROOT = iphoneos;
				VALIDATE_PRODUCT = YES;
			};
			name = Release;
		};
		CECE64EE19B6047F00F7F22A /* Debug */ = {
			isa = XCBuildConfiguration;
			baseConfigurationReference = ADD749967529402E88AD0606 /* Pods.xcconfig */;
			buildSettings = {
				ASSETCATALOG_COMPILER_APPICON_NAME = AppIcon;
				ASSETCATALOG_COMPILER_LAUNCHIMAGE_NAME = LaunchImage;
				GCC_PRECOMPILE_PREFIX_HEADER = YES;
				GCC_PREFIX_HEADER = "ConsumerBeacons/Application/ConsumerBeacons-Prefix.pch";
				INFOPLIST_FILE = "ConsumerBeacons/Application/ConsumerBeacons-Info.plist";
				PRODUCT_NAME = "$(TARGET_NAME)";
				PROVISIONING_PROFILE = "289793a2-bae2-4bed-8904-5507edc08562";
				WRAPPER_EXTENSION = app;
			};
			name = Debug;
		};
		CECE64EF19B6047F00F7F22A /* Release */ = {
			isa = XCBuildConfiguration;
			baseConfigurationReference = ADD749967529402E88AD0606 /* Pods.xcconfig */;
			buildSettings = {
				ASSETCATALOG_COMPILER_APPICON_NAME = AppIcon;
				ASSETCATALOG_COMPILER_LAUNCHIMAGE_NAME = LaunchImage;
				GCC_PRECOMPILE_PREFIX_HEADER = YES;
				GCC_PREFIX_HEADER = "ConsumerBeacons/Application/ConsumerBeacons-Prefix.pch";
				INFOPLIST_FILE = "ConsumerBeacons/Application/ConsumerBeacons-Info.plist";
				PRODUCT_NAME = "$(TARGET_NAME)";
				PROVISIONING_PROFILE = "a6917eab-927d-48cd-8cad-b89ee4747af0";
				WRAPPER_EXTENSION = app;
			};
			name = Release;
		};
		CECE64F119B6047F00F7F22A /* Debug */ = {
			isa = XCBuildConfiguration;
			buildSettings = {
				BUNDLE_LOADER = "$(BUILT_PRODUCTS_DIR)/ConsumerBeacons.app/ConsumerBeacons";
				FRAMEWORK_SEARCH_PATHS = (
					"$(SDKROOT)/Developer/Library/Frameworks",
					"$(inherited)",
					"$(DEVELOPER_FRAMEWORKS_DIR)",
				);
				GCC_PRECOMPILE_PREFIX_HEADER = YES;
				GCC_PREFIX_HEADER = "ConsumerBeacons/ConsumerBeacons-Prefix.pch";
				GCC_PREPROCESSOR_DEFINITIONS = (
					"DEBUG=1",
					"$(inherited)",
				);
				INFOPLIST_FILE = "ConsumerBeaconsTests/ConsumerBeaconsTests-Info.plist";
				PRODUCT_NAME = "$(TARGET_NAME)";
				TEST_HOST = "$(BUNDLE_LOADER)";
				WRAPPER_EXTENSION = xctest;
			};
			name = Debug;
		};
		CECE64F219B6047F00F7F22A /* Release */ = {
			isa = XCBuildConfiguration;
			buildSettings = {
				BUNDLE_LOADER = "$(BUILT_PRODUCTS_DIR)/ConsumerBeacons.app/ConsumerBeacons";
				FRAMEWORK_SEARCH_PATHS = (
					"$(SDKROOT)/Developer/Library/Frameworks",
					"$(inherited)",
					"$(DEVELOPER_FRAMEWORKS_DIR)",
				);
				GCC_PRECOMPILE_PREFIX_HEADER = YES;
				GCC_PREFIX_HEADER = "ConsumerBeacons/ConsumerBeacons-Prefix.pch";
				INFOPLIST_FILE = "ConsumerBeaconsTests/ConsumerBeaconsTests-Info.plist";
				PRODUCT_NAME = "$(TARGET_NAME)";
				TEST_HOST = "$(BUNDLE_LOADER)";
				WRAPPER_EXTENSION = xctest;
			};
			name = Release;
		};
/* End XCBuildConfiguration section */

/* Begin XCConfigurationList section */
		CECE64BC19B6047F00F7F22A /* Build configuration list for PBXProject "ConsumerBeacons" */ = {
			isa = XCConfigurationList;
			buildConfigurations = (
				CECE64EB19B6047F00F7F22A /* Debug */,
				CECE64EC19B6047F00F7F22A /* Release */,
			);
			defaultConfigurationIsVisible = 0;
			defaultConfigurationName = Release;
		};
		CECE64ED19B6047F00F7F22A /* Build configuration list for PBXNativeTarget "ConsumerBeacons" */ = {
			isa = XCConfigurationList;
			buildConfigurations = (
				CECE64EE19B6047F00F7F22A /* Debug */,
				CECE64EF19B6047F00F7F22A /* Release */,
			);
			defaultConfigurationIsVisible = 0;
			defaultConfigurationName = Release;
		};
		CECE64F019B6047F00F7F22A /* Build configuration list for PBXNativeTarget "ConsumerBeaconsTests" */ = {
			isa = XCConfigurationList;
			buildConfigurations = (
				CECE64F119B6047F00F7F22A /* Debug */,
				CECE64F219B6047F00F7F22A /* Release */,
			);
			defaultConfigurationIsVisible = 0;
			defaultConfigurationName = Release;
		};
/* End XCConfigurationList section */
	};
	rootObject = CECE64B919B6047F00F7F22A /* Project object */;
}
